
Microsoft Visual Studio Solution File, Format Version 12.00
# Visual Studio Version 16
VisualStudioVersion = 16.0.31911.196
MinimumVisualStudioVersion = 10.0.40219.1
Project("{8BC9CEB8-8B4A-11D0-8D11-00A0C91BC942}") = "day_2", "day_2\day_2.vcxproj", "{CF90E1EF-3CFF-4725-9AD1-1BD790A1E630}"
EndProject
Global
	GlobalSection(SolutionConfigurationPlatforms) = preSolution
		Debug|x64 = Debug|x64
		Debug|x86 = Debug|x86
		Release|x64 = Release|x64
		Release|x86 = Release|x86
	EndGlobalSection
	GlobalSection(ProjectConfigurationPlatforms) = postSolution
		{CF90E1EF-3CFF-4725-9AD1-1BD790A1E630}.Debug|x64.ActiveCfg = Debug|x64
		{CF90E1EF-3CFF-4725-9AD1-1BD790A1E630}.Debug|x64.Build.0 = Debug|x64
		{CF90E1EF-3CFF-4725-9AD1-1BD790A1E630}.Debug|x86.ActiveCfg = Debug|Win32
		{CF90E1EF-3CFF-4725-9AD1-1BD790A1E630}.Debug|x86.Build.0 = Debug|Win32
		{CF90E1EF-3CFF-4725-9AD1-1BD790A1E630}.Release|x64.ActiveCfg = Release|x64
		{CF90E1EF-3CFF-4725-9AD1-1BD790A1E630}.Release|x64.Build.0 = Release|x64
		{CF90E1EF-3CFF-4725-9AD1-1BD790A1E630}.Release|x86.ActiveCfg = Release|Win32
		{CF90E1EF-3CFF-4725-9AD1-1BD790A1E630}.Release|x86.Build.0 = Release|Win32
	EndGlobalSection
	GlobalSection(SolutionProperties) = preSolution
		HideSolutionNode = FALSE
	EndGlobalSection
	GlobalSection(ExtensibilityGlobals) = postSolution
		SolutionGuid = {7B16E0FA-329D-4022-95A4-0CD74F4C7DF0}
	EndGlobalSection
EndGlobal
